
Microsoft Visual Studio Solution File, Format Version 12.00
# Visual Studio Version 16
VisualStudioVersion = 16.6.30114.105
MinimumVisualStudioVersion = 10.0.40219.1
Project("{FAE04EC0-301F-11D3-BF4B-00C04F79EFBC}") = "DataExecuter", "DataExecuter\DataExecuter.csproj", "{289C0464-B44A-4478-8A43-98451F6BD869}"
EndProject
Project("{FAE04EC0-301F-11D3-BF4B-00C04F79EFBC}") = "DataLib", "DataLib\DataLib.csproj", "{34AC5FF2-319A-43E1-823B-C1818186993C}"
EndProject
Project("{FAE04EC0-301F-11D3-BF4B-00C04F79EFBC}") = "DataTest", "DataTest\DataTest.csproj", "{EE397AA7-3740-4C8C-9867-E4E3B0A37FD8}"
EndProject
Global
	GlobalSection(SolutionConfigurationPlatforms) = preSolution
		Debug|Any CPU = Debug|Any CPU
		Debug|x64 = Debug|x64
		Debug|x86 = Debug|x86
		Release|Any CPU = Release|Any CPU
		Release|x64 = Release|x64
		Release|x86 = Release|x86
	EndGlobalSection
	GlobalSection(SolutionProperties) = preSolution
		HideSolutionNode = FALSE
	EndGlobalSection
	GlobalSection(ProjectConfigurationPlatforms) = postSolution
		{289C0464-B44A-4478-8A43-98451F6BD869}.Debug|Any CPU.ActiveCfg = Debug|Any CPU
		{289C0464-B44A-4478-8A43-98451F6BD869}.Debug|Any CPU.Build.0 = Debug|Any CPU
		{289C0464-B44A-4478-8A43-98451F6BD869}.Debug|x64.ActiveCfg = Debug|Any CPU
		{289C0464-B44A-4478-8A43-98451F6BD869}.Debug|x64.Build.0 = Debug|Any CPU
		{289C0464-B44A-4478-8A43-98451F6BD869}.Debug|x86.ActiveCfg = Debug|Any CPU
		{289C0464-B44A-4478-8A43-98451F6BD869}.Debug|x86.Build.0 = Debug|Any CPU
		{289C0464-B44A-4478-8A43-98451F6BD869}.Release|Any CPU.ActiveCfg = Release|Any CPU
		{289C0464-B44A-4478-8A43-98451F6BD869}.Release|Any CPU.Build.0 = Release|Any CPU
		{289C0464-B44A-4478-8A43-98451F6BD869}.Release|x64.ActiveCfg = Release|Any CPU
		{289C0464-B44A-4478-8A43-98451F6BD869}.Release|x64.Build.0 = Release|Any CPU
		{289C0464-B44A-4478-8A43-98451F6BD869}.Release|x86.ActiveCfg = Release|Any CPU
		{289C0464-B44A-4478-8A43-98451F6BD869}.Release|x86.Build.0 = Release|Any CPU
		{34AC5FF2-319A-43E1-823B-C1818186993C}.Debug|Any CPU.ActiveCfg = Debug|Any CPU
		{34AC5FF2-319A-43E1-823B-C1818186993C}.Debug|Any CPU.Build.0 = Debug|Any CPU
		{34AC5FF2-319A-43E1-823B-C1818186993C}.Debug|x64.ActiveCfg = Debug|Any CPU
		{34AC5FF2-319A-43E1-823B-C1818186993C}.Debug|x64.Build.0 = Debug|Any CPU
		{34AC5FF2-319A-43E1-823B-C1818186993C}.Debug|x86.ActiveCfg = Debug|Any CPU
		{34AC5FF2-319A-43E1-823B-C1818186993C}.Debug|x86.Build.0 = Debug|Any CPU
		{34AC5FF2-319A-43E1-823B-C1818186993C}.Release|Any CPU.ActiveCfg = Release|Any CPU
		{34AC5FF2-319A-43E1-823B-C1818186993C}.Release|Any CPU.Build.0 = Release|Any CPU
		{34AC5FF2-319A-43E1-823B-C1818186993C}.Release|x64.ActiveCfg = Release|Any CPU
		{34AC5FF2-319A-43E1-823B-C1818186993C}.Release|x64.Build.0 = Release|Any CPU
		{34AC5FF2-319A-43E1-823B-C1818186993C}.Release|x86.ActiveCfg = Release|Any CPU
		{34AC5FF2-319A-43E1-823B-C1818186993C}.Release|x86.Build.0 = Release|Any CPU
		{EE397AA7-3740-4C8C-9867-E4E3B0A37FD8}.Debug|Any CPU.ActiveCfg = Debug|Any CPU
		{EE397AA7-3740-4C8C-9867-E4E3B0A37FD8}.Debug|Any CPU.Build.0 = Debug|Any CPU
		{EE397AA7-3740-4C8C-9867-E4E3B0A37FD8}.Debug|x64.ActiveCfg = Debug|Any CPU
		{EE397AA7-3740-4C8C-9867-E4E3B0A37FD8}.Debug|x64.Build.0 = Debug|Any CPU
		{EE397AA7-3740-4C8C-9867-E4E3B0A37FD8}.Debug|x86.ActiveCfg = Debug|Any CPU
		{EE397AA7-3740-4C8C-9867-E4E3B0A37FD8}.Debug|x86.Build.0 = Debug|Any CPU
		{EE397AA7-3740-4C8C-9867-E4E3B0A37FD8}.Release|Any CPU.ActiveCfg = Release|Any CPU
		{EE397AA7-3740-4C8C-9867-E4E3B0A37FD8}.Release|Any CPU.Build.0 = Release|Any CPU
		{EE397AA7-3740-4C8C-9867-E4E3B0A37FD8}.Release|x64.ActiveCfg = Release|Any CPU
		{EE397AA7-3740-4C8C-9867-E4E3B0A37FD8}.Release|x64.Build.0 = Release|Any CPU
		{EE397AA7-3740-4C8C-9867-E4E3B0A37FD8}.Release|x86.ActiveCfg = Release|Any CPU
		{EE397AA7-3740-4C8C-9867-E4E3B0A37FD8}.Release|x86.Build.0 = Release|Any CPU
	EndGlobalSection
EndGlobal
